<?xml version="1.0" encoding="UTF-8" standalone="yes" ?>
<CodeBlocks_project_file>
	<FileVersion major="1" minor="6" />
	<Project>
		<Option title="refactool-examples" />
		<Option pch_mode="2" />
		<Option compiler="gcc" />
		<Build>
			<Target title="Debug">
				<Option output="bin/Debug/refactool-examples" prefix_auto="1" extension_auto="1" />
				<Option object_output="obj/Debug/" />
				<Option type="1" />
				<Option compiler="gcc" />
				<Compiler>
					<Add option="-g" />
				</Compiler>
			</Target>
			<Target title="Release">
				<Option output="bin/Release/refactool-examples" prefix_auto="1" extension_auto="1" />
				<Option object_output="obj/Release/" />
				<Option type="1" />
				<Option compiler="gcc" />
				<Compiler>
					<Add option="-O2" />
				</Compiler>
				<Linker>
					<Add option="-s" />
				</Linker>
			</Target>
		</Build>
		<Compiler>
			<Add option="-Wall" />
		</Compiler>
		<Unit filename="teste_a.c">
			<Option compilerVar="CC" />
		</Unit>
		<Unit filename="teste_b.c">
			<Option compilerVar="CC" />
		</Unit>
		<Unit filename="teste_c.c">
			<Option compilerVar="CC" />
		</Unit>
		<Unit filename="teste_d.c">
			<Option compilerVar="CC" />
		</Unit>
		<Unit filename="teste_e.c">
			<Option compilerVar="CC" />
		</Unit>
		<Unit filename="teste_f.c">
			<Option compilerVar="CC" />
		</Unit>
		<Unit filename="teste_g.c">
			<Option compilerVar="CC" />
		</Unit>
		<Unit filename="teste_h.c">
			<Option compilerVar="CC" />
		</Unit>
		<Unit filename="teste_i.c">
			<Option compilerVar="CC" />
		</Unit>
		<Unit filename="teste_j.c">
			<Option compilerVar="CC" />
		</Unit>
		<Unit filename="teste_k.c">
			<Option compilerVar="CC" />
		</Unit>
		<Unit filename="teste_l.c">
			<Option compilerVar="CC" />
		</Unit>
		<Unit filename="teste_m.c">
			<Option compilerVar="CC" />
		</Unit>
		<Unit filename="teste_n.c">
			<Option compilerVar="CC" />
		</Unit>
		<Unit filename="teste_o.c">
			<Option compilerVar="CC" />
		</Unit>
		<Unit filename="teste_p.c">
			<Option compilerVar="CC" />
		</Unit>
		<Unit filename="teste_q.c">
			<Option compilerVar="CC" />
		</Unit>
		<Unit filename="teste_r.c">
			<Option compilerVar="CC" />
		</Unit>
		<Unit filename="teste_s.c">
			<Option compilerVar="CC" />
		</Unit>
		<Unit filename="teste_t.c">
			<Option compilerVar="CC" />
		</Unit>
		<Unit filename="teste_u.c">
			<Option compilerVar="CC" />
		</Unit>
		<Unit filename="teste_v.c">
			<Option compilerVar="CC" />
		</Unit>
		<Unit filename="teste_w.c">
			<Option compilerVar="CC" />
		</Unit>
		<Unit filename="teste_x.c">
			<Option compilerVar="CC" />
		</Unit>
		<Unit filename="teste_y.c">
			<Option compilerVar="CC" />
		</Unit>
		<Unit filename="teste_z.c">
			<Option compilerVar="CC" />
		</Unit>
		<Extensions>
			<code_completion />
			<envvars />
			<debugger />
			<lib_finder disable_auto="1" />
		</Extensions>
	</Project>
</CodeBlocks_project_file>
